lockfileVersion: '9.0'

settings:
  autoInstallPeers: true
  excludeLinksFromLockfile: false

importers:

  .:
    dependencies:
      jquery:
        specifier: ^4.0.0
        version: 4.0.0

packages:

  jquery@4.0.0:
    resolution: {integrity: sha512-TXCHVR3Lb6TZdtw1l3RTLf8RBWVGexdxL6AC8/e0xZKEpBflBsjh9/8LXw+dkNFuOyW9B7iB3O1sP7hS0Kiacg==}

snapshots:

  jquery@4.0.0: {}
